
Microsoft Visual Studio Solution File, Format Version 12.00
# Visual Studio 15
VisualStudioVersion = 15.0.27703.2018
MinimumVisualStudioVersion = 10.0.40219.1
Project("{FAE04EC0-301F-11D3-BF4B-00C04F79EFBC}") = "File_Utils", "File_Utils\File_Utils.csproj", "{36307E30-D00A-4D4E-9BE9-781662B6F698}"
EndProject
Global
	GlobalSection(SolutionConfigurationPlatforms) = preSolution
		Debug|Any CPU = Debug|Any CPU
		Release|Any CPU = Release|Any CPU
	EndGlobalSection
	GlobalSection(ProjectConfigurationPlatforms) = postSolution
		{36307E30-D00A-4D4E-9BE9-781662B6F698}.Debug|Any CPU.ActiveCfg = Debug|Any CPU
		{36307E30-D00A-4D4E-9BE9-781662B6F698}.Debug|Any CPU.Build.0 = Debug|Any CPU
		{36307E30-D00A-4D4E-9BE9-781662B6F698}.Release|Any CPU.ActiveCfg = Release|Any CPU
		{36307E30-D00A-4D4E-9BE9-781662B6F698}.Release|Any CPU.Build.0 = Release|Any CPU
	EndGlobalSection
	GlobalSection(SolutionProperties) = preSolution
		HideSolutionNode = FALSE
	EndGlobalSection
	GlobalSection(ExtensibilityGlobals) = postSolution
		SolutionGuid = {E44E3EA2-D0CD-48A9-A450-C843FC206416}
	EndGlobalSection
EndGlobal
